
Microsoft Visual Studio Solution File, Format Version 12.00
# Visual Studio Version 16
VisualStudioVersion = 16.0.31515.178
MinimumVisualStudioVersion = 10.0.40219.1
Project("{FAE04EC0-301F-11D3-BF4B-00C04F79EFBC}") = "ZochitaApi", "ZochitaApi\ZochitaApi.csproj", "{01B364E5-A135-4807-93CA-97A9FDB91F21}"
EndProject
Global
	GlobalSection(SolutionConfigurationPlatforms) = preSolution
		Debug|Any CPU = Debug|Any CPU
		Release|Any CPU = Release|Any CPU
	EndGlobalSection
	GlobalSection(ProjectConfigurationPlatforms) = postSolution
		{01B364E5-A135-4807-93CA-97A9FDB91F21}.Debug|Any CPU.ActiveCfg = Debug|Any CPU
		{01B364E5-A135-4807-93CA-97A9FDB91F21}.Debug|Any CPU.Build.0 = Debug|Any CPU
		{01B364E5-A135-4807-93CA-97A9FDB91F21}.Release|Any CPU.ActiveCfg = Release|Any CPU
		{01B364E5-A135-4807-93CA-97A9FDB91F21}.Release|Any CPU.Build.0 = Release|Any CPU
	EndGlobalSection
	GlobalSection(SolutionProperties) = preSolution
		HideSolutionNode = FALSE
	EndGlobalSection
	GlobalSection(ExtensibilityGlobals) = postSolution
		SolutionGuid = {BDEF86D3-28F7-45D3-9D85-25915BB8D38E}
	EndGlobalSection
EndGlobal
